<?xml version="1.0" encoding="UTF-8" standalone="yes" ?>
<CodeBlocks_project_file>
	<FileVersion major="1" minor="6" />
	<Project>
		<Option title="XTcpSocket" />
		<Option pch_mode="2" />
		<Option compiler="gcc" />
		<Build>
			<Target title="D_alib">
				<Option output="../libs/xtcpsock_d" prefix_auto="1" extension_auto="1" />
				<Option working_dir="" />
				<Option object_output="Objects/Debug" />
				<Option type="2" />
				<Option compiler="gcc" />
				<Compiler>
					<Add option="-g" />
					<Add option="-DDEBUG" />
				</Compiler>
			</Target>
			<Target title="alib">
				<Option output="../libs/xtcpsock" prefix_auto="1" extension_auto="1" />
				<Option working_dir="" />
				<Option object_output="Objects/Release" />
				<Option type="2" />
				<Option compiler="gcc" />
				<Compiler>
					<Add option="-O2" />
				</Compiler>
				<Linker>
					<Add option="-s" />
				</Linker>
			</Target>
			<Target title="lib">
				<Option output="../libs/xtcpsock" prefix_auto="1" extension_auto="1" />
				<Option working_dir="../libs" />
				<Option object_output="Objects/Release" />
				<Option type="3" />
				<Option compiler="gcc" />
				<Compiler>
					<Add option="-O2" />
				</Compiler>
				<Linker>
					<Add option="-s" />
				</Linker>
			</Target>
			<Target title="D_lib">
				<Option output="../libs/xtcpsock_d" prefix_auto="1" extension_auto="1" />
				<Option working_dir="../libs" />
				<Option object_output="Objects/Debug" />
				<Option type="3" />
				<Option compiler="gcc" />
				<Compiler>
					<Add option="-g" />
					<Add option="-DDEBUG" />
				</Compiler>
			</Target>
		</Build>
		<Compiler>
			<Add option="-Wall" />
			<Add directory="include" />
		</Compiler>
		<Linker>
			<Add library="pthread" />
		</Linker>
		<Unit filename="TCPClient.c">
			<Option compilerVar="CC" />
		</Unit>
		<Unit filename="TCPClient.h" />
		<Unit filename="TCPServer.c">
			<Option compilerVar="CC" />
		</Unit>
		<Unit filename="TCPServer.h" />
		<Unit filename="Threads.c">
			<Option compilerVar="CC" />
		</Unit>
		<Unit filename="Threads.h" />
		<Unit filename="XSocket.h" />
		<Extensions>
			<envvars />
			<code_completion />
			<debugger />
		</Extensions>
	</Project>
</CodeBlocks_project_file>
